
Microsoft Visual Studio Solution File, Format Version 12.00
# Visual Studio Version 17
VisualStudioVersion = 17.14.37411.7 d17.14
MinimumVisualStudioVersion = 10.0.40219.1
Project("{FAE04EC0-301F-11D3-BF4B-00C04F79EFBC}") = "Sentiment_API", "Sentiment_API\Sentiment_API.csproj", "{DCD1C5E3-54B4-4BEC-BCB4-29B05E263BFB}"
EndProject
Global
	GlobalSection(SolutionConfigurationPlatforms) = preSolution
		Debug|Any CPU = Debug|Any CPU
		Release|Any CPU = Release|Any CPU
	EndGlobalSection
	GlobalSection(ProjectConfigurationPlatforms) = postSolution
		{DCD1C5E3-54B4-4BEC-BCB4-29B05E263BFB}.Debug|Any CPU.ActiveCfg = Debug|Any CPU
		{DCD1C5E3-54B4-4BEC-BCB4-29B05E263BFB}.Debug|Any CPU.Build.0 = Debug|Any CPU
		{DCD1C5E3-54B4-4BEC-BCB4-29B05E263BFB}.Release|Any CPU.ActiveCfg = Release|Any CPU
		{DCD1C5E3-54B4-4BEC-BCB4-29B05E263BFB}.Release|Any CPU.Build.0 = Release|Any CPU
	EndGlobalSection
	GlobalSection(SolutionProperties) = preSolution
		HideSolutionNode = FALSE
	EndGlobalSection
	GlobalSection(ExtensibilityGlobals) = postSolution
		SolutionGuid = {9EECC79C-6563-4D66-9999-1AD5D755157F}
	EndGlobalSection
EndGlobal
